
Microsoft Visual Studio Solution File, Format Version 12.00
# Visual Studio Version 17
VisualStudioVersion = 17.6.33815.320
MinimumVisualStudioVersion = 10.0.40219.1
Project("{FAE04EC0-301F-11D3-BF4B-00C04F79EFBC}") = "lab5ex4", "lab5ex4\lab5ex4.csproj", "{A860D4E0-F8B5-47D7-83CE-0DB682F4DB6F}"
EndProject
Global
	GlobalSection(SolutionConfigurationPlatforms) = preSolution
		Debug|Any CPU = Debug|Any CPU
		Release|Any CPU = Release|Any CPU
	EndGlobalSection
	GlobalSection(ProjectConfigurationPlatforms) = postSolution
		{A860D4E0-F8B5-47D7-83CE-0DB682F4DB6F}.Debug|Any CPU.ActiveCfg = Debug|Any CPU
		{A860D4E0-F8B5-47D7-83CE-0DB682F4DB6F}.Debug|Any CPU.Build.0 = Debug|Any CPU
		{A860D4E0-F8B5-47D7-83CE-0DB682F4DB6F}.Release|Any CPU.ActiveCfg = Release|Any CPU
		{A860D4E0-F8B5-47D7-83CE-0DB682F4DB6F}.Release|Any CPU.Build.0 = Release|Any CPU
	EndGlobalSection
	GlobalSection(SolutionProperties) = preSolution
		HideSolutionNode = FALSE
	EndGlobalSection
	GlobalSection(ExtensibilityGlobals) = postSolution
		SolutionGuid = {AFE3926D-15CE-4394-B7EF-696144DE4943}
	EndGlobalSection
EndGlobal
